
Microsoft Visual Studio Solution File, Format Version 12.00
# Visual Studio Version 17
VisualStudioVersion = 17.9.34622.214
MinimumVisualStudioVersion = 10.0.40219.1
Project("{9A19103F-16F7-4668-BE54-9A1E7A4F7556}") = "OnTheBeachSearch", "OnTheBeachSearch.csproj", "{160C44C7-9CA9-43ED-B84B-D71DB19978DC}"
EndProject
Project("{FAE04EC0-301F-11D3-BF4B-00C04F79EFBC}") = "SearchTest", "SearchTest\SearchTest.csproj", "{D8DEC6E7-9523-45BF-8D98-37391B2C198A}"
EndProject
Global
	GlobalSection(SolutionConfigurationPlatforms) = preSolution
		Debug|Any CPU = Debug|Any CPU
		Release|Any CPU = Release|Any CPU
	EndGlobalSection
	GlobalSection(ProjectConfigurationPlatforms) = postSolution
		{160C44C7-9CA9-43ED-B84B-D71DB19978DC}.Debug|Any CPU.ActiveCfg = Debug|Any CPU
		{160C44C7-9CA9-43ED-B84B-D71DB19978DC}.Debug|Any CPU.Build.0 = Debug|Any CPU
		{160C44C7-9CA9-43ED-B84B-D71DB19978DC}.Release|Any CPU.ActiveCfg = Release|Any CPU
		{160C44C7-9CA9-43ED-B84B-D71DB19978DC}.Release|Any CPU.Build.0 = Release|Any CPU
		{D8DEC6E7-9523-45BF-8D98-37391B2C198A}.Debug|Any CPU.ActiveCfg = Debug|Any CPU
		{D8DEC6E7-9523-45BF-8D98-37391B2C198A}.Debug|Any CPU.Build.0 = Debug|Any CPU
		{D8DEC6E7-9523-45BF-8D98-37391B2C198A}.Release|Any CPU.ActiveCfg = Release|Any CPU
		{D8DEC6E7-9523-45BF-8D98-37391B2C198A}.Release|Any CPU.Build.0 = Release|Any CPU
	EndGlobalSection
	GlobalSection(SolutionProperties) = preSolution
		HideSolutionNode = FALSE
	EndGlobalSection
	GlobalSection(ExtensibilityGlobals) = postSolution
		SolutionGuid = {28AE6BB2-3A2D-40BE-9E78-86F5D3AB4269}
	EndGlobalSection
EndGlobal
